
Microsoft Visual Studio Solution File, Format Version 12.00
# Visual Studio Version 17
VisualStudioVersion = 17.8.34309.116
MinimumVisualStudioVersion = 10.0.40219.1
Project("{9A19103F-16F7-4668-BE54-9A1E7A4F7556}") = "MyPeopleHub.Domain", "MyPeopleHub.Domain\MyPeopleHub.Domain.csproj", "{300F91FA-B10A-42A7-ABCB-013E435B4011}"
EndProject
Project("{9A19103F-16F7-4668-BE54-9A1E7A4F7556}") = "MyPeopleHub.Infrastructure", "MyPeopleHub.Infrastructure\MyPeopleHub.Infrastructure.csproj", "{3074CEF0-4A3A-43BE-894E-A3969BCD77E7}"
EndProject
Project("{9A19103F-16F7-4668-BE54-9A1E7A4F7556}") = "MyPeopleHub.Application", "MyPeopleHub.Application\MyPeopleHub.Application.csproj", "{9ACA03B3-22AE-4891-8658-AA215171D870}"
EndProject
Project("{9A19103F-16F7-4668-BE54-9A1E7A4F7556}") = "MyPeopleHub.API", "MyPeopleHub.API\MyPeopleHub.API.csproj", "{D0348410-5281-470C-A7EA-A359533AF89C}"
EndProject
Project("{FAE04EC0-301F-11D3-BF4B-00C04F79EFBC}") = "MyPeopleHub.UnitTests", "MyPeopleHub.UnitTests\MyPeopleHub.UnitTests.csproj", "{1D54C361-9EDE-4A2E-B9B2-8BC7C58F36C4}"
EndProject
Global
	GlobalSection(SolutionConfigurationPlatforms) = preSolution
		Debug|Any CPU = Debug|Any CPU
		Release|Any CPU = Release|Any CPU
	EndGlobalSection
	GlobalSection(ProjectConfigurationPlatforms) = postSolution
		{300F91FA-B10A-42A7-ABCB-013E435B4011}.Debug|Any CPU.ActiveCfg = Debug|Any CPU
		{300F91FA-B10A-42A7-ABCB-013E435B4011}.Debug|Any CPU.Build.0 = Debug|Any CPU
		{300F91FA-B10A-42A7-ABCB-013E435B4011}.Release|Any CPU.ActiveCfg = Release|Any CPU
		{300F91FA-B10A-42A7-ABCB-013E435B4011}.Release|Any CPU.Build.0 = Release|Any CPU
		{3074CEF0-4A3A-43BE-894E-A3969BCD77E7}.Debug|Any CPU.ActiveCfg = Debug|Any CPU
		{3074CEF0-4A3A-43BE-894E-A3969BCD77E7}.Debug|Any CPU.Build.0 = Debug|Any CPU
		{3074CEF0-4A3A-43BE-894E-A3969BCD77E7}.Release|Any CPU.ActiveCfg = Release|Any CPU
		{3074CEF0-4A3A-43BE-894E-A3969BCD77E7}.Release|Any CPU.Build.0 = Release|Any CPU
		{9ACA03B3-22AE-4891-8658-AA215171D870}.Debug|Any CPU.ActiveCfg = Debug|Any CPU
		{9ACA03B3-22AE-4891-8658-AA215171D870}.Debug|Any CPU.Build.0 = Debug|Any CPU
		{9ACA03B3-22AE-4891-8658-AA215171D870}.Release|Any CPU.ActiveCfg = Release|Any CPU
		{9ACA03B3-22AE-4891-8658-AA215171D870}.Release|Any CPU.Build.0 = Release|Any CPU
		{D0348410-5281-470C-A7EA-A359533AF89C}.Debug|Any CPU.ActiveCfg = Debug|Any CPU
		{D0348410-5281-470C-A7EA-A359533AF89C}.Debug|Any CPU.Build.0 = Debug|Any CPU
		{D0348410-5281-470C-A7EA-A359533AF89C}.Release|Any CPU.ActiveCfg = Release|Any CPU
		{D0348410-5281-470C-A7EA-A359533AF89C}.Release|Any CPU.Build.0 = Release|Any CPU
		{1D54C361-9EDE-4A2E-B9B2-8BC7C58F36C4}.Debug|Any CPU.ActiveCfg = Debug|Any CPU
		{1D54C361-9EDE-4A2E-B9B2-8BC7C58F36C4}.Debug|Any CPU.Build.0 = Debug|Any CPU
		{1D54C361-9EDE-4A2E-B9B2-8BC7C58F36C4}.Release|Any CPU.ActiveCfg = Release|Any CPU
		{1D54C361-9EDE-4A2E-B9B2-8BC7C58F36C4}.Release|Any CPU.Build.0 = Release|Any CPU
	EndGlobalSection
	GlobalSection(SolutionProperties) = preSolution
		HideSolutionNode = FALSE
	EndGlobalSection
	GlobalSection(ExtensibilityGlobals) = postSolution
		SolutionGuid = {C6F0F286-9C2D-4804-A14F-228B122C5003}
	EndGlobalSection
EndGlobal
